
Microsoft Visual Studio Solution File, Format Version 12.00
# Visual Studio Version 17
VisualStudioVersion = 17.1.32328.378
MinimumVisualStudioVersion = 10.0.40219.1
Project("{FAE04EC0-301F-11D3-BF4B-00C04F79EFBC}") = "CleanBlog", "CleanBlog\CleanBlog.csproj", "{737730C1-DC86-4A32-BC8E-94B4B0E94516}"
EndProject
Global
	GlobalSection(SolutionConfigurationPlatforms) = preSolution
		Debug|Any CPU = Debug|Any CPU
		Release|Any CPU = Release|Any CPU
	EndGlobalSection
	GlobalSection(ProjectConfigurationPlatforms) = postSolution
		{737730C1-DC86-4A32-BC8E-94B4B0E94516}.Debug|Any CPU.ActiveCfg = Debug|Any CPU
		{737730C1-DC86-4A32-BC8E-94B4B0E94516}.Debug|Any CPU.Build.0 = Debug|Any CPU
		{737730C1-DC86-4A32-BC8E-94B4B0E94516}.Release|Any CPU.ActiveCfg = Release|Any CPU
		{737730C1-DC86-4A32-BC8E-94B4B0E94516}.Release|Any CPU.Build.0 = Release|Any CPU
	EndGlobalSection
	GlobalSection(SolutionProperties) = preSolution
		HideSolutionNode = FALSE
	EndGlobalSection
	GlobalSection(ExtensibilityGlobals) = postSolution
		SolutionGuid = {2DCFE1EA-B10A-46F8-B23D-F07E452AB503}
	EndGlobalSection
EndGlobal
